
Microsoft Visual Studio Solution File, Format Version 12.00
# Visual Studio Version 16
VisualStudioVersion = 16.0.30011.22
MinimumVisualStudioVersion = 10.0.40219.1
Project("{FAE04EC0-301F-11D3-BF4B-00C04F79EFBC}") = "SenaTurksever", "SenaTurksever\SenaTurksever.csproj", "{826A730E-BB40-4624-B66C-1ECE7AB9F5AA}"
EndProject
Global
	GlobalSection(SolutionConfigurationPlatforms) = preSolution
		Debug|Any CPU = Debug|Any CPU
		Release|Any CPU = Release|Any CPU
	EndGlobalSection
	GlobalSection(ProjectConfigurationPlatforms) = postSolution
		{826A730E-BB40-4624-B66C-1ECE7AB9F5AA}.Debug|Any CPU.ActiveCfg = Debug|Any CPU
		{826A730E-BB40-4624-B66C-1ECE7AB9F5AA}.Debug|Any CPU.Build.0 = Debug|Any CPU
		{826A730E-BB40-4624-B66C-1ECE7AB9F5AA}.Release|Any CPU.ActiveCfg = Release|Any CPU
		{826A730E-BB40-4624-B66C-1ECE7AB9F5AA}.Release|Any CPU.Build.0 = Release|Any CPU
	EndGlobalSection
	GlobalSection(SolutionProperties) = preSolution
		HideSolutionNode = FALSE
	EndGlobalSection
	GlobalSection(ExtensibilityGlobals) = postSolution
		SolutionGuid = {50004943-A36D-4540-AC70-B7933569FAFB}
	EndGlobalSection
EndGlobal
